
Microsoft Visual Studio Solution File, Format Version 12.00
# Visual Studio Version 16
VisualStudioVersion = 16.0.28803.352
MinimumVisualStudioVersion = 10.0.40219.1
Project("{FAE04EC0-301F-11D3-BF4B-00C04F79EFBC}") = "TransportCompany", "TransportCompany\TransportCompany.csproj", "{555957FA-F055-4000-9686-4CE21AF1385D}"
EndProject
Global
	GlobalSection(SolutionConfigurationPlatforms) = preSolution
		Debug|Any CPU = Debug|Any CPU
		Release|Any CPU = Release|Any CPU
	EndGlobalSection
	GlobalSection(ProjectConfigurationPlatforms) = postSolution
		{555957FA-F055-4000-9686-4CE21AF1385D}.Debug|Any CPU.ActiveCfg = Debug|Any CPU
		{555957FA-F055-4000-9686-4CE21AF1385D}.Debug|Any CPU.Build.0 = Debug|Any CPU
		{555957FA-F055-4000-9686-4CE21AF1385D}.Release|Any CPU.ActiveCfg = Release|Any CPU
		{555957FA-F055-4000-9686-4CE21AF1385D}.Release|Any CPU.Build.0 = Release|Any CPU
	EndGlobalSection
	GlobalSection(SolutionProperties) = preSolution
		HideSolutionNode = FALSE
	EndGlobalSection
	GlobalSection(ExtensibilityGlobals) = postSolution
		SolutionGuid = {6E7A03F7-7286-434F-8598-E761531F73DD}
	EndGlobalSection
EndGlobal
